// !$*UTF8*$!
{
	archiveVersion = 1;
	classes = {
	};
	objectVersion = 50;
	objects = {

/* Begin PBXBuildFile section */
		28BF1F5622B1664A008B18EC /* AppDelegate.swift in Sources */ = {isa = PBXBuildFile; fileRef = 28BF1F5522B1664A008B18EC /* AppDelegate.swift */; };
		28BF1F5822B1664A008B18EC /* SceneDelegate.swift in Sources */ = {isa = PBXBuildFile; fileRef = 28BF1F5722B1664A008B18EC /* SceneDelegate.swift */; };
		28BF1F5A22B1664A008B18EC /* ViewController.swift in Sources */ = {isa = PBXBuildFile; fileRef = 28BF1F5922B1664A008B18EC /* ViewController.swift */; };
		28BF1F5D22B1664A008B18EC /* Main.storyboard in Resources */ = {isa = PBXBuildFile; fileRef = 28BF1F5B22B1664A008B18EC /* Main.storyboard */; };
		28BF1F5F22B16652008B18EC /* Assets.xcassets in Resources */ = {isa = PBXBuildFile; fileRef = 28BF1F5E22B16652008B18EC /* Assets.xcassets */; };
		28BF1F6222B16653008B18EC /* LaunchScreen.storyboard in Resources */ = {isa = PBXBuildFile; fileRef = 28BF1F6022B16653008B18EC /* LaunchScreen.storyboard */; };
/* End PBXBuildFile section */

/* Begin PBXFileReference section */
		28BF1F5222B1664A008B18EC /* UICollectionViewWithMoveCells.app */ = {isa = PBXFileReference; explicitFileType = wrapper.application; includeInIndex = 0; path = UICollectionViewWithMoveCells.app; sourceTree = BUILT_PRODUCTS_DIR; };
		28BF1F5522B1664A008B18EC /* AppDelegate.swift */ = {isa = PBXFileReference; lastKnownFileType = sourcecode.swift; path = AppDelegate.swift; sourceTree = "<group>"; };
		28BF1F5722B1664A008B18EC /* SceneDelegate.swift */ = {isa = PBXFileReference; lastKnownFileType = sourcecode.swift; path = SceneDelegate.swift; sourceTree = "<group>"; };
		28BF1F5922B1664A008B18EC /* ViewController.swift */ = {isa = PBXFileReference; lastKnownFileType = sourcecode.swift; path = ViewController.swift; sourceTree = "<group>"; };
		28BF1F5C22B1664A008B18EC /* Base */ = {isa = PBXFileReference; lastKnownFileType = file.storyboard; name = Base; path = Base.lproj/Main.storyboard; sourceTree = "<group>"; };
		28BF1F5E22B16652008B18EC /* Assets.xcassets */ = {isa = PBXFileReference; lastKnownFileType = folder.assetcatalog; path = Assets.xcassets; sourceTree = "<group>"; };
		28BF1F6122B16653008B18EC /* Base */ = {isa = PBXFileReference; lastKnownFileType = file.storyboard; name = Base; path = Base.lproj/LaunchScreen.storyboard; sourceTree = "<group>"; };
		28BF1F6322B16653008B18EC /* Info.plist */ = {isa = PBXFileReference; lastKnownFileType = text.plist.xml; path = Info.plist; sourceTree = "<group>"; };
		28BF1F6922B16663008B18EC /* UICollectionViewWithMoveCells.entitlements */ = {isa = PBXFileReference; lastKnownFileType = text.plist.entitlements; path = UICollectionViewWithMoveCells.entitlements; sourceTree = "<group>"; };
/* End PBXFileReference section */

/* Begin PBXFrameworksBuildPhase section */
		28BF1F4F22B1664A008B18EC /* Frameworks */ = {
			isa = PBXFrameworksBuildPhase;
			buildActionMask = 2147483647;
			files = (
			);
			runOnlyForDeploymentPostprocessing = 0;
		};
/* End PBXFrameworksBuildPhase section */

/* Begin PBXGroup section */
		28BF1F4922B1664A008B18EC = {
			isa = PBXGroup;
			children = (
				28BF1F5422B1664A008B18EC /* UICollectionViewWithMoveCells */,
				28BF1F5322B1664A008B18EC /* Products */,
			);
			sourceTree = "<group>";
		};
		28BF1F5322B1664A008B18EC /* Products */ = {
			isa = PBXGroup;
			children = (
				28BF1F5222B1664A008B18EC /* UICollectionViewWithMoveCells.app */,
			);
			name = Products;
			sourceTree = "<group>";
		};
		28BF1F5422B1664A008B18EC /* UICollectionViewWithMoveCells */ = {
			isa = PBXGroup;
			children = (
				28BF1F6922B16663008B18EC /* UICollectionViewWithMoveCells.entitlements */,
				28BF1F5522B1664A008B18EC /* AppDelegate.swift */,
				28BF1F5722B1664A008B18EC /* SceneDelegate.swift */,
				28BF1F5922B1664A008B18EC /* ViewController.swift */,
				28BF1F5B22B1664A008B18EC /* Main.storyboard */,
				28BF1F5E22B16652008B18EC /* Assets.xcassets */,
				28BF1F6022B16653008B18EC /* LaunchScreen.storyboard */,
				28BF1F6322B16653008B18EC /* Info.plist */,
			);
			path = UICollectionViewWithMoveCells;
			sourceTree = "<group>";
		};
/* End PBXGroup section */

/* Begin PBXNativeTarget section */
		28BF1F5122B1664A008B18EC /* UICollectionViewWithMoveCells */ = {
			isa = PBXNativeTarget;
			buildConfigurationList = 28BF1F6622B16653008B18EC /* Build configuration list for PBXNativeTarget "UICollectionViewWithMoveCells" */;
			buildPhases = (
				28BF1F4E22B1664A008B18EC /* Sources */,
				28BF1F4F22B1664A008B18EC /* Frameworks */,
				28BF1F5022B1664A008B18EC /* Resources */,
			);
			buildRules = (
			);
			dependencies = (
			);
			name = UICollectionViewWithMoveCells;
			productName = UICollectionViewWithMoveCells;
			productReference = 28BF1F5222B1664A008B18EC /* UICollectionViewWithMoveCells.app */;
			productType = "com.apple.product-type.application";
		};
/* End PBXNativeTarget section */

/* Begin PBXProject section */
		28BF1F4A22B1664A008B18EC /* Project object */ = {
			isa = PBXProject;
			attributes = {
				LastSwiftUpdateCheck = 1100;
				LastUpgradeCheck = 1100;
				ORGANIZATIONNAME = "Artem Karmaz";
				TargetAttributes = {
					28BF1F5122B1664A008B18EC = {
						CreatedOnToolsVersion = 11.0;
					};
				};
			};
			buildConfigurationList = 28BF1F4D22B1664A008B18EC /* Build configuration list for PBXProject "UICollectionViewWithMoveCells" */;
			compatibilityVersion = "Xcode 9.3";
			developmentRegion = en;
			hasScannedForEncodings = 0;
			knownRegions = (
				en,
				Base,
			);
			mainGroup = 28BF1F4922B1664A008B18EC;
			productRefGroup = 28BF1F5322B1664A008B18EC /* Products */;
			projectDirPath = "";
			projectRoot = "";
			targets = (
				28BF1F5122B1664A008B18EC /* UICollectionViewWithMoveCells */,
			);
		};
/* End PBXProject section */

/* Begin PBXResourcesBuildPhase section */
		28BF1F5022B1664A008B18EC /* Resources */ = {
			isa = PBXResourcesBuildPhase;
			buildActionMask = 2147483647;
			files = (
				28BF1F6222B16653008B18EC /* LaunchScreen.storyboard in Resources */,
				28BF1F5F22B16652008B18EC /* Assets.xcassets in Resources */,
				28BF1F5D22B1664A008B18EC /* Main.storyboard in Resources */,
			);
			runOnlyForDeploymentPostprocessing = 0;
		};
/* End PBXResourcesBuildPhase section */

/* Begin PBXSourcesBuildPhase section */
		28BF1F4E22B1664A008B18EC /* Sources */ = {
			isa = PBXSourcesBuildPhase;
			buildActionMask = 2147483647;
			files = (
				28BF1F5A22B1664A008B18EC /* ViewController.swift in Sources */,
				28BF1F5622B1664A008B18EC /* AppDelegate.swift in Sources */,
				28BF1F5822B1664A008B18EC /* SceneDelegate.swift in Sources */,
			);
			runOnlyForDeploymentPostprocessing = 0;
		};
/* End PBXSourcesBuildPhase section */

/* Begin PBXVariantGroup section */
		28BF1F5B22B1664A008B18EC /* Main.storyboard */ = {
			isa = PBXVariantGroup;
			children = (
				28BF1F5C22B1664A008B18EC /* Base */,
			);
			name = Main.storyboard;
			sourceTree = "<group>";
		};
		28BF1F6022B16653008B18EC /* LaunchScreen.storyboard */ = {
			isa = PBXVariantGroup;
			children = (
				28BF1F6122B16653008B18EC /* Base */,
			);
			name = LaunchScreen.storyboard;
			sourceTree = "<group>";
		};
/* End PBXVariantGroup section */

/* Begin XCBuildConfiguration section */
		28BF1F6422B16653008B18EC /* Debug */ = {
			isa = XCBuildConfiguration;
			buildSettings = {
				ALWAYS_SEARCH_USER_PATHS = NO;
				CLANG_ANALYZER_NONNULL = YES;
				CLANG_ANALYZER_NUMBER_OBJECT_CONVERSION = YES_AGGRESSIVE;
				CLANG_CXX_LANGUAGE_STANDARD = "gnu++14";
				CLANG_CXX_LIBRARY = "libc++";
				CLANG_ENABLE_MODULES = YES;
				CLANG_ENABLE_OBJC_ARC = YES;
				CLANG_ENABLE_OBJC_WEAK = YES;
				CLANG_WARN_BLOCK_CAPTURE_AUTORELEASING = YES;
				CLANG_WARN_BOOL_CONVERSION = YES;
				CLANG_WARN_COMMA = YES;
				CLANG_WARN_CONSTANT_CONVERSION = YES;
				CLANG_WARN_DEPRECATED_OBJC_IMPLEMENTATIONS = YES;
				CLANG_WARN_DIRECT_OBJC_ISA_USAGE = YES_ERROR;
				CLANG_WARN_DOCUMENTATION_COMMENTS = YES;
				CLANG_WARN_EMPTY_BODY = YES;
				CLANG_WARN_ENUM_CONVERSION = YES;
				CLANG_WARN_INFINITE_RECURSION = YES;
				CLANG_WARN_INT_CONVERSION = YES;
				CLANG_WARN_NON_LITERAL_NULL_CONVERSION = YES;
				CLANG_WARN_OBJC_IMPLICIT_RETAIN_SELF = YES;
				CLANG_WARN_OBJC_LITERAL_CONVERSION = YES;
				CLANG_WARN_OBJC_ROOT_CLASS = YES_ERROR;
				CLANG_WARN_RANGE_LOOP_ANALYSIS = YES;
				CLANG_WARN_STRICT_PROTOTYPES = YES;
				CLANG_WARN_SUSPICIOUS_MOVE = YES;
				CLANG_WARN_UNGUARDED_AVAILABILITY = YES_AGGRESSIVE;
				CLANG_WARN_UNREACHABLE_CODE = YES;
				CLANG_WARN__DUPLICATE_METHOD_MATCH = YES;
				COPY_PHASE_STRIP = NO;
				DEBUG_INFORMATION_FORMAT = dwarf;
				ENABLE_STRICT_OBJC_MSGSEND = YES;
				ENABLE_TESTABILITY = YES;
				GCC_C_LANGUAGE_STANDARD = gnu11;
				GCC_DYNAMIC_NO_PIC = NO;
				GCC_NO_COMMON_BLOCKS = YES;
				GCC_OPTIMIZATION_LEVEL = 0;
				GCC_PREPROCESSOR_DEFINITIONS = (
					"DEBUG=1",
					"$(inherited)",
				);
				GCC_WARN_64_TO_32_BIT_CONVERSION = YES;
				GCC_WARN_ABOUT_RETURN_TYPE = YES_ERROR;
				GCC_WARN_UNDECLARED_SELECTOR = YES;
				GCC_WARN_UNINITIALIZED_AUTOS = YES_AGGRESSIVE;
				GCC_WARN_UNUSED_FUNCTION = YES;
				GCC_WARN_UNUSED_VARIABLE = YES;
				IPHONEOS_DEPLOYMENT_TARGET = 13.0;
				MTL_ENABLE_DEBUG_INFO = INCLUDE_SOURCE;
				MTL_FAST_MATH = YES;
				ONLY_ACTIVE_ARCH = YES;
				SDKROOT = iphoneos;
				SWIFT_ACTIVE_COMPILATION_CONDITIONS = DEBUG;
				SWIFT_OPTIMIZATION_LEVEL = "-Onone";
			};
			name = Debug;
		};
		28BF1F6522B16653008B18EC /* Release */ = {
			isa = XCBuildConfiguration;
			buildSettings = {
				ALWAYS_SEARCH_USER_PATHS = NO;
				CLANG_ANALYZER_NONNULL = YES;
				CLANG_ANALYZER_NUMBER_OBJECT_CONVERSION = YES_AGGRESSIVE;
				CLANG_CXX_LANGUAGE_STANDARD = "gnu++14";
				CLANG_CXX_LIBRARY = "libc++";
				CLANG_ENABLE_MODULES = YES;
				CLANG_ENABLE_OBJC_ARC = YES;
				CLANG_ENABLE_OBJC_WEAK = YES;
				CLANG_WARN_BLOCK_CAPTURE_AUTORELEASING = YES;
				CLANG_WARN_BOOL_CONVERSION = YES;
				CLANG_WARN_COMMA = YES;
				CLANG_WARN_CONSTANT_CONVERSION = YES;
				CLANG_WARN_DEPRECATED_OBJC_IMPLEMENTATIONS = YES;
				CLANG_WARN_DIRECT_OBJC_ISA_USAGE = YES_ERROR;
				CLANG_WARN_DOCUMENTATION_COMMENTS = YES;
				CLANG_WARN_EMPTY_BODY = YES;
				CLANG_WARN_ENUM_CONVERSION = YES;
				CLANG_WARN_INFINITE_RECURSION = YES;
				CLANG_WARN_INT_CONVERSION = YES;
				CLANG_WARN_NON_LITERAL_NULL_CONVERSION = YES;
				CLANG_WARN_OBJC_IMPLICIT_RETAIN_SELF = YES;
				CLANG_WARN_OBJC_LITERAL_CONVERSION = YES;
				CLANG_WARN_OBJC_ROOT_CLASS = YES_ERROR;
				CLANG_WARN_RANGE_LOOP_ANALYSIS = YES;
				CLANG_WARN_STRICT_PROTOTYPES = YES;
				CLANG_WARN_SUSPICIOUS_MOVE = YES;
				CLANG_WARN_UNGUARDED_AVAILABILITY = YES_AGGRESSIVE;
				CLANG_WARN_UNREACHABLE_CODE = YES;
				CLANG_WARN__DUPLICATE_METHOD_MATCH = YES;
				COPY_PHASE_STRIP = NO;
				DEBUG_INFORMATION_FORMAT = "dwarf-with-dsym";
				ENABLE_NS_ASSERTIONS = NO;
				ENABLE_STRICT_OBJC_MSGSEND = YES;
				GCC_C_LANGUAGE_STANDARD = gnu11;
				GCC_NO_COMMON_BLOCKS = YES;
				GCC_WARN_64_TO_32_BIT_CONVERSION = YES;
				GCC_WARN_ABOUT_RETURN_TYPE = YES_ERROR;
				GCC_WARN_UNDECLARED_SELECTOR = YES;
				GCC_WARN_UNINITIALIZED_AUTOS = YES_AGGRESSIVE;
				GCC_WARN_UNUSED_FUNCTION = YES;
				GCC_WARN_UNUSED_VARIABLE = YES;
				IPHONEOS_DEPLOYMENT_TARGET = 13.0;
				MTL_ENABLE_DEBUG_INFO = NO;
				MTL_FAST_MATH = YES;
				SDKROOT = iphoneos;
				SWIFT_COMPILATION_MODE = wholemodule;
				SWIFT_OPTIMIZATION_LEVEL = "-O";
				VALIDATE_PRODUCT = YES;
			};
			name = Release;
		};
		28BF1F6722B16653008B18EC /* Debug */ = {
			isa = XCBuildConfiguration;
			buildSettings = {
				ASSETCATALOG_COMPILER_APPICON_NAME = AppIcon;
				CODE_SIGN_ENTITLEMENTS = UICollectionViewWithMoveCells/UICollectionViewWithMoveCells.entitlements;
				CODE_SIGN_STYLE = Automatic;
				DERIVE_UIKITFORMAC_PRODUCT_BUNDLE_IDENTIFIER = YES;
				DEVELOPMENT_TEAM = B4FXKBHXYA;
				INFOPLIST_FILE = UICollectionViewWithMoveCells/Info.plist;
				LD_RUNPATH_SEARCH_PATHS = (
					"$(inherited)",
					"@executable_path/Frameworks",
				);
				PRODUCT_BUNDLE_IDENTIFIER = AK.UICollectionViewWithMoveCells;
				PRODUCT_NAME = "$(TARGET_NAME)";
				SUPPORTS_UIKITFORMAC = YES;
				SWIFT_VERSION = 5.0;
				TARGETED_DEVICE_FAMILY = "1,2";
			};
			name = Debug;
		};
		28BF1F6822B16653008B18EC /* Release */ = {
			isa = XCBuildConfiguration;
			buildSettings = {
				ASSETCATALOG_COMPILER_APPICON_NAME = AppIcon;
				CODE_SIGN_ENTITLEMENTS = UICollectionViewWithMoveCells/UICollectionViewWithMoveCells.entitlements;
				CODE_SIGN_STYLE = Automatic;
				DERIVE_UIKITFORMAC_PRODUCT_BUNDLE_IDENTIFIER = YES;
				DEVELOPMENT_TEAM = B4FXKBHXYA;
				INFOPLIST_FILE = UICollectionViewWithMoveCells/Info.plist;
				LD_RUNPATH_SEARCH_PATHS = (
					"$(inherited)",
					"@executable_path/Frameworks",
				);
				PRODUCT_BUNDLE_IDENTIFIER = AK.UICollectionViewWithMoveCells;
				PRODUCT_NAME = "$(TARGET_NAME)";
				SUPPORTS_UIKITFORMAC = YES;
				SWIFT_VERSION = 5.0;
				TARGETED_DEVICE_FAMILY = "1,2";
			};
			name = Release;
		};
/* End XCBuildConfiguration section */

/* Begin XCConfigurationList section */
		28BF1F4D22B1664A008B18EC /* Build configuration list for PBXProject "UICollectionViewWithMoveCells" */ = {
			isa = XCConfigurationList;
			buildConfigurations = (
				28BF1F6422B16653008B18EC /* Debug */,
				28BF1F6522B16653008B18EC /* Release */,
			);
			defaultConfigurationIsVisible = 0;
			defaultConfigurationName = Release;
		};
		28BF1F6622B16653008B18EC /* Build configuration list for PBXNativeTarget "UICollectionViewWithMoveCells" */ = {
			isa = XCConfigurationList;
			buildConfigurations = (
				28BF1F6722B16653008B18EC /* Debug */,
				28BF1F6822B16653008B18EC /* Release */,
			);
			defaultConfigurationIsVisible = 0;
			defaultConfigurationName = Release;
		};
/* End XCConfigurationList section */
	};
	rootObject = 28BF1F4A22B1664A008B18EC /* Project object */;
}
